
Microsoft Visual Studio Solution File, Format Version 12.00
# Visual Studio Version 16
VisualStudioVersion = 16.6.30114.105
MinimumVisualStudioVersion = 10.0.40219.1
Project("{9A19103F-16F7-4668-BE54-9A1E7A4F7556}") = "F0.Talks.NullVoid.Analyzers", "F0.Talks.NullVoid.Analyzers\F0.Talks.NullVoid.Analyzers.csproj", "{1B4D729D-00AF-4A92-A67F-F520923221E7}"
EndProject
Project("{9A19103F-16F7-4668-BE54-9A1E7A4F7556}") = "F0.Talks.NullVoid.Analyzers.Tests", "F0.Talks.NullVoid.Analyzers.Tests\F0.Talks.NullVoid.Analyzers.Tests.csproj", "{987DDD68-5772-4B43-806C-60B1DDDAAFB1}"
EndProject
Project("{9A19103F-16F7-4668-BE54-9A1E7A4F7556}") = "F0.Talks.NullVoid.Library", "F0.Talks.NullVoid.Library\F0.Talks.NullVoid.Library.csproj", "{B39841CC-3AD5-45C8-A493-65185E269DBB}"
EndProject
Project("{9A19103F-16F7-4668-BE54-9A1E7A4F7556}") = "F0.Talks.NullVoid.ConsoleApp", "F0.Talks.NullVoid.ConsoleApp\F0.Talks.NullVoid.ConsoleApp.csproj", "{0CF8927A-EA6B-40B2-9771-F981F6A79701}"
EndProject
Project("{9A19103F-16F7-4668-BE54-9A1E7A4F7556}") = "F0.Talks.NullVoid.Tests", "F0.Talks.NullVoid.Tests\F0.Talks.NullVoid.Tests.csproj", "{14DC7AB5-E0BC-47EB-9695-B526FE857AF4}"
EndProject
Project("{9A19103F-16F7-4668-BE54-9A1E7A4F7556}") = "F0.Talks.NullVoid.Benchmarks", "F0.Talks.NullVoid.Benchmarks\F0.Talks.NullVoid.Benchmarks.csproj", "{CB27CC89-A01C-4638-83C3-0C61BCF4251B}"
EndProject
Project("{9A19103F-16F7-4668-BE54-9A1E7A4F7556}") = "F0.Talks.NullVoid.Generic", "F0.Talks.NullVoid.Generic\F0.Talks.NullVoid.Generic.csproj", "{FE470DB5-56D3-494C-B2E4-B921A64E76BF}"
EndProject
Project("{FAE04EC0-301F-11D3-BF4B-00C04F79EFBC}") = "F0.Talks.NullVoid.Oblivious", "F0.Talks.NullVoid.Oblivious\F0.Talks.NullVoid.Oblivious.csproj", "{8A98C40E-A660-479A-B786-06D1DA51B7AD}"
EndProject
Global
	GlobalSection(SolutionConfigurationPlatforms) = preSolution
		Debug|Any CPU = Debug|Any CPU
		Debug|x64 = Debug|x64
		Debug|x86 = Debug|x86
		Release|Any CPU = Release|Any CPU
		Release|x64 = Release|x64
		Release|x86 = Release|x86
	EndGlobalSection
	GlobalSection(ProjectConfigurationPlatforms) = postSolution
		{1B4D729D-00AF-4A92-A67F-F520923221E7}.Debug|Any CPU.ActiveCfg = Debug|Any CPU
		{1B4D729D-00AF-4A92-A67F-F520923221E7}.Debug|Any CPU.Build.0 = Debug|Any CPU
		{1B4D729D-00AF-4A92-A67F-F520923221E7}.Debug|x64.ActiveCfg = Debug|Any CPU
		{1B4D729D-00AF-4A92-A67F-F520923221E7}.Debug|x64.Build.0 = Debug|Any CPU
		{1B4D729D-00AF-4A92-A67F-F520923221E7}.Debug|x86.ActiveCfg = Debug|Any CPU
		{1B4D729D-00AF-4A92-A67F-F520923221E7}.Debug|x86.Build.0 = Debug|Any CPU
		{1B4D729D-00AF-4A92-A67F-F520923221E7}.Release|Any CPU.ActiveCfg = Release|Any CPU
		{1B4D729D-00AF-4A92-A67F-F520923221E7}.Release|Any CPU.Build.0 = Release|Any CPU
		{1B4D729D-00AF-4A92-A67F-F520923221E7}.Release|x64.ActiveCfg = Release|Any CPU
		{1B4D729D-00AF-4A92-A67F-F520923221E7}.Release|x64.Build.0 = Release|Any CPU
		{1B4D729D-00AF-4A92-A67F-F520923221E7}.Release|x86.ActiveCfg = Release|Any CPU
		{1B4D729D-00AF-4A92-A67F-F520923221E7}.Release|x86.Build.0 = Release|Any CPU
		{987DDD68-5772-4B43-806C-60B1DDDAAFB1}.Debug|Any CPU.ActiveCfg = Debug|Any CPU
		{987DDD68-5772-4B43-806C-60B1DDDAAFB1}.Debug|Any CPU.Build.0 = Debug|Any CPU
		{987DDD68-5772-4B43-806C-60B1DDDAAFB1}.Debug|x64.ActiveCfg = Debug|Any CPU
		{987DDD68-5772-4B43-806C-60B1DDDAAFB1}.Debug|x64.Build.0 = Debug|Any CPU
		{987DDD68-5772-4B43-806C-60B1DDDAAFB1}.Debug|x86.ActiveCfg = Debug|Any CPU
		{987DDD68-5772-4B43-806C-60B1DDDAAFB1}.Debug|x86.Build.0 = Debug|Any CPU
		{987DDD68-5772-4B43-806C-60B1DDDAAFB1}.Release|Any CPU.ActiveCfg = Release|Any CPU
		{987DDD68-5772-4B43-806C-60B1DDDAAFB1}.Release|Any CPU.Build.0 = Release|Any CPU
		{987DDD68-5772-4B43-806C-60B1DDDAAFB1}.Release|x64.ActiveCfg = Release|Any CPU
		{987DDD68-5772-4B43-806C-60B1DDDAAFB1}.Release|x64.Build.0 = Release|Any CPU
		{987DDD68-5772-4B43-806C-60B1DDDAAFB1}.Release|x86.ActiveCfg = Release|Any CPU
		{987DDD68-5772-4B43-806C-60B1DDDAAFB1}.Release|x86.Build.0 = Release|Any CPU
		{B39841CC-3AD5-45C8-A493-65185E269DBB}.Debug|Any CPU.ActiveCfg = Debug|Any CPU
		{B39841CC-3AD5-45C8-A493-65185E269DBB}.Debug|Any CPU.Build.0 = Debug|Any CPU
		{B39841CC-3AD5-45C8-A493-65185E269DBB}.Debug|x64.ActiveCfg = Debug|Any CPU
		{B39841CC-3AD5-45C8-A493-65185E269DBB}.Debug|x64.Build.0 = Debug|Any CPU
		{B39841CC-3AD5-45C8-A493-65185E269DBB}.Debug|x86.ActiveCfg = Debug|Any CPU
		{B39841CC-3AD5-45C8-A493-65185E269DBB}.Debug|x86.Build.0 = Debug|Any CPU
		{B39841CC-3AD5-45C8-A493-65185E269DBB}.Release|Any CPU.ActiveCfg = Release|Any CPU
		{B39841CC-3AD5-45C8-A493-65185E269DBB}.Release|Any CPU.Build.0 = Release|Any CPU
		{B39841CC-3AD5-45C8-A493-65185E269DBB}.Release|x64.ActiveCfg = Release|Any CPU
		{B39841CC-3AD5-45C8-A493-65185E269DBB}.Release|x64.Build.0 = Release|Any CPU
		{B39841CC-3AD5-45C8-A493-65185E269DBB}.Release|x86.ActiveCfg = Release|Any CPU
		{B39841CC-3AD5-45C8-A493-65185E269DBB}.Release|x86.Build.0 = Release|Any CPU
		{0CF8927A-EA6B-40B2-9771-F981F6A79701}.Debug|Any CPU.ActiveCfg = Debug|Any CPU
		{0CF8927A-EA6B-40B2-9771-F981F6A79701}.Debug|Any CPU.Build.0 = Debug|Any CPU
		{0CF8927A-EA6B-40B2-9771-F981F6A79701}.Debug|x64.ActiveCfg = Debug|Any CPU
		{0CF8927A-EA6B-40B2-9771-F981F6A79701}.Debug|x64.Build.0 = Debug|Any CPU
		{0CF8927A-EA6B-40B2-9771-F981F6A79701}.Debug|x86.ActiveCfg = Debug|Any CPU
		{0CF8927A-EA6B-40B2-9771-F981F6A79701}.Debug|x86.Build.0 = Debug|Any CPU
		{0CF8927A-EA6B-40B2-9771-F981F6A79701}.Release|Any CPU.ActiveCfg = Release|Any CPU
		{0CF8927A-EA6B-40B2-9771-F981F6A79701}.Release|Any CPU.Build.0 = Release|Any CPU
		{0CF8927A-EA6B-40B2-9771-F981F6A79701}.Release|x64.ActiveCfg = Release|Any CPU
		{0CF8927A-EA6B-40B2-9771-F981F6A79701}.Release|x64.Build.0 = Release|Any CPU
		{0CF8927A-EA6B-40B2-9771-F981F6A79701}.Release|x86.ActiveCfg = Release|Any CPU
		{0CF8927A-EA6B-40B2-9771-F981F6A79701}.Release|x86.Build.0 = Release|Any CPU
		{14DC7AB5-E0BC-47EB-9695-B526FE857AF4}.Debug|Any CPU.ActiveCfg = Debug|Any CPU
		{14DC7AB5-E0BC-47EB-9695-B526FE857AF4}.Debug|Any CPU.Build.0 = Debug|Any CPU
		{14DC7AB5-E0BC-47EB-9695-B526FE857AF4}.Debug|x64.ActiveCfg = Debug|Any CPU
		{14DC7AB5-E0BC-47EB-9695-B526FE857AF4}.Debug|x64.Build.0 = Debug|Any CPU
		{14DC7AB5-E0BC-47EB-9695-B526FE857AF4}.Debug|x86.ActiveCfg = Debug|Any CPU
		{14DC7AB5-E0BC-47EB-9695-B526FE857AF4}.Debug|x86.Build.0 = Debug|Any CPU
		{14DC7AB5-E0BC-47EB-9695-B526FE857AF4}.Release|Any CPU.ActiveCfg = Release|Any CPU
		{14DC7AB5-E0BC-47EB-9695-B526FE857AF4}.Release|Any CPU.Build.0 = Release|Any CPU
		{14DC7AB5-E0BC-47EB-9695-B526FE857AF4}.Release|x64.ActiveCfg = Release|Any CPU
		{14DC7AB5-E0BC-47EB-9695-B526FE857AF4}.Release|x64.Build.0 = Release|Any CPU
		{14DC7AB5-E0BC-47EB-9695-B526FE857AF4}.Release|x86.ActiveCfg = Release|Any CPU
		{14DC7AB5-E0BC-47EB-9695-B526FE857AF4}.Release|x86.Build.0 = Release|Any CPU
		{CB27CC89-A01C-4638-83C3-0C61BCF4251B}.Debug|Any CPU.ActiveCfg = Debug|Any CPU
		{CB27CC89-A01C-4638-83C3-0C61BCF4251B}.Debug|Any CPU.Build.0 = Debug|Any CPU
		{CB27CC89-A01C-4638-83C3-0C61BCF4251B}.Debug|x64.ActiveCfg = Debug|Any CPU
		{CB27CC89-A01C-4638-83C3-0C61BCF4251B}.Debug|x64.Build.0 = Debug|Any CPU
		{CB27CC89-A01C-4638-83C3-0C61BCF4251B}.Debug|x86.ActiveCfg = Debug|Any CPU
		{CB27CC89-A01C-4638-83C3-0C61BCF4251B}.Debug|x86.Build.0 = Debug|Any CPU
		{CB27CC89-A01C-4638-83C3-0C61BCF4251B}.Release|Any CPU.ActiveCfg = Release|Any CPU
		{CB27CC89-A01C-4638-83C3-0C61BCF4251B}.Release|Any CPU.Build.0 = Release|Any CPU
		{CB27CC89-A01C-4638-83C3-0C61BCF4251B}.Release|x64.ActiveCfg = Release|Any CPU
		{CB27CC89-A01C-4638-83C3-0C61BCF4251B}.Release|x64.Build.0 = Release|Any CPU
		{CB27CC89-A01C-4638-83C3-0C61BCF4251B}.Release|x86.ActiveCfg = Release|Any CPU
		{CB27CC89-A01C-4638-83C3-0C61BCF4251B}.Release|x86.Build.0 = Release|Any CPU
		{FE470DB5-56D3-494C-B2E4-B921A64E76BF}.Debug|Any CPU.ActiveCfg = Debug|Any CPU
		{FE470DB5-56D3-494C-B2E4-B921A64E76BF}.Debug|Any CPU.Build.0 = Debug|Any CPU
		{FE470DB5-56D3-494C-B2E4-B921A64E76BF}.Debug|x64.ActiveCfg = Debug|Any CPU
		{FE470DB5-56D3-494C-B2E4-B921A64E76BF}.Debug|x64.Build.0 = Debug|Any CPU
		{FE470DB5-56D3-494C-B2E4-B921A64E76BF}.Debug|x86.ActiveCfg = Debug|Any CPU
		{FE470DB5-56D3-494C-B2E4-B921A64E76BF}.Debug|x86.Build.0 = Debug|Any CPU
		{FE470DB5-56D3-494C-B2E4-B921A64E76BF}.Release|Any CPU.ActiveCfg = Release|Any CPU
		{FE470DB5-56D3-494C-B2E4-B921A64E76BF}.Release|Any CPU.Build.0 = Release|Any CPU
		{FE470DB5-56D3-494C-B2E4-B921A64E76BF}.Release|x64.ActiveCfg = Release|Any CPU
		{FE470DB5-56D3-494C-B2E4-B921A64E76BF}.Release|x64.Build.0 = Release|Any CPU
		{FE470DB5-56D3-494C-B2E4-B921A64E76BF}.Release|x86.ActiveCfg = Release|Any CPU
		{FE470DB5-56D3-494C-B2E4-B921A64E76BF}.Release|x86.Build.0 = Release|Any CPU
		{8A98C40E-A660-479A-B786-06D1DA51B7AD}.Debug|Any CPU.ActiveCfg = Debug|Any CPU
		{8A98C40E-A660-479A-B786-06D1DA51B7AD}.Debug|Any CPU.Build.0 = Debug|Any CPU
		{8A98C40E-A660-479A-B786-06D1DA51B7AD}.Debug|x64.ActiveCfg = Debug|Any CPU
		{8A98C40E-A660-479A-B786-06D1DA51B7AD}.Debug|x64.Build.0 = Debug|Any CPU
		{8A98C40E-A660-479A-B786-06D1DA51B7AD}.Debug|x86.ActiveCfg = Debug|Any CPU
		{8A98C40E-A660-479A-B786-06D1DA51B7AD}.Debug|x86.Build.0 = Debug|Any CPU
		{8A98C40E-A660-479A-B786-06D1DA51B7AD}.Release|Any CPU.ActiveCfg = Release|Any CPU
		{8A98C40E-A660-479A-B786-06D1DA51B7AD}.Release|Any CPU.Build.0 = Release|Any CPU
		{8A98C40E-A660-479A-B786-06D1DA51B7AD}.Release|x64.ActiveCfg = Release|Any CPU
		{8A98C40E-A660-479A-B786-06D1DA51B7AD}.Release|x64.Build.0 = Release|Any CPU
		{8A98C40E-A660-479A-B786-06D1DA51B7AD}.Release|x86.ActiveCfg = Release|Any CPU
		{8A98C40E-A660-479A-B786-06D1DA51B7AD}.Release|x86.Build.0 = Release|Any CPU
	EndGlobalSection
	GlobalSection(SolutionProperties) = preSolution
		HideSolutionNode = FALSE
	EndGlobalSection
	GlobalSection(ExtensibilityGlobals) = postSolution
		SolutionGuid = {9B077903-D2F7-4C1E-9BAD-34BE28493973}
	EndGlobalSection
EndGlobal
